Microsoft Visual Studio Solution File, Format Version 12.00
# Visual Studio Version 17
VisualStudioVersion = 17.5.2.0
MinimumVisualStudioVersion = 10.0.40219.1
Project("{FAE04EC0-301F-11D3-BF4B-00C04F79EFBC}") = "CropDeal", "CropDeal\CropDeal.csproj", "{F954476B-866D-5F59-EFBA-F45EDF428F86}"
EndProject
Global
	GlobalSection(SolutionConfigurationPlatforms) = preSolution
		Debug|Any CPU = Debug|Any CPU
		Release|Any CPU = Release|Any CPU
	EndGlobalSection
	GlobalSection(ProjectConfigurationPlatforms) = postSolution
		{F954476B-866D-5F59-EFBA-F45EDF428F86}.Debug|Any CPU.ActiveCfg = Debug|Any CPU
		{F954476B-866D-5F59-EFBA-F45EDF428F86}.Debug|Any CPU.Build.0 = Debug|Any CPU
		{F954476B-866D-5F59-EFBA-F45EDF428F86}.Release|Any CPU.ActiveCfg = Release|Any CPU
		{F954476B-866D-5F59-EFBA-F45EDF428F86}.Release|Any CPU.Build.0 = Release|Any CPU
	EndGlobalSection
	GlobalSection(SolutionProperties) = preSolution
		HideSolutionNode = FALSE
	EndGlobalSection
	GlobalSection(ExtensibilityGlobals) = postSolution
		SolutionGuid = {87C3F181-83CD-4D67-8A95-3CF7BDB23F15}
	EndGlobalSection
EndGlobal
